{
  "name": "iamyourboss",
  "version": "0.5.0",
  "lockfileVersion": 3,
  "requires": true,
  "packages": {
    "": {
      "name": "iamyourboss",
      "version": "0.5.0",
      "license": "MIT",
      "bin": {
        "iyb": "bin/iyb.mjs",
        "iyb-mcp": "src/mcp.mjs"
      },
      "engines": {
        "node": ">=22.5"
      }
    }
  }
}
